// !$*UTF8*$!
{
	archiveVersion = 1;
	classes = {
	};
	objectVersion = 46;
	objects = {

/* Begin PBXBuildFile section */
		964436FD1E75EC47002CAF0D /* main.m in Sources */ = {isa = PBXBuildFile; fileRef = 964436FC1E75EC47002CAF0D /* main.m */; };
		964437001E75EC47002CAF0D /* AppDelegate.m in Sources */ = {isa = PBXBuildFile; fileRef = 964436FF1E75EC47002CAF0D /* AppDelegate.m */; };
		964437031E75EC47002CAF0D /* ViewController.m in Sources */ = {isa = PBXBuildFile; fileRef = 964437021E75EC47002CAF0D /* ViewController.m */; };
		964437061E75EC47002CAF0D /* Main.storyboard in Resources */ = {isa = PBXBuildFile; fileRef = 964437041E75EC47002CAF0D /* Main.storyboard */; };
		964437081E75EC47002CAF0D /* Assets.xcassets in Resources */ = {isa = PBXBuildFile; fileRef = 964437071E75EC47002CAF0D /* Assets.xcassets */; };
		9644370B1E75EC47002CAF0D /* LaunchScreen.storyboard in Resources */ = {isa = PBXBuildFile; fileRef = 964437091E75EC47002CAF0D /* LaunchScreen.storyboard */; };
		964437161E75EC47002CAF0D /* InfiniteScrollTests.m in Sources */ = {isa = PBXBuildFile; fileRef = 964437151E75EC47002CAF0D /* InfiniteScrollTests.m */; };
		964437221E760337002CAF0D /* CGGALScrollView.m in Sources */ = {isa = PBXBuildFile; fileRef = 964437211E760337002CAF0D /* CGGALScrollView.m */; };
		964437251E760F75002CAF0D /* ScrollDataModel.m in Sources */ = {isa = PBXBuildFile; fileRef = 964437241E760F75002CAF0D /* ScrollDataModel.m */; };
		9644372C1E76126E002CAF0D /* topsongs.xml in Resources */ = {isa = PBXBuildFile; fileRef = 9644372B1E76126E002CAF0D /* topsongs.xml */; };
		9644372F1E762540002CAF0D /* iTunesXMLParser.m in Sources */ = {isa = PBXBuildFile; fileRef = 9644372E1E762540002CAF0D /* iTunesXMLParser.m */; };
		9644386D1E78A24C002CAF0D /* CGGFramesScrollView.m in Sources */ = {isa = PBXBuildFile; fileRef = 9644386C1E78A24C002CAF0D /* CGGFramesScrollView.m */; };
		964438701E79E997002CAF0D /* UILabel+.m in Sources */ = {isa = PBXBuildFile; fileRef = 9644386F1E79E997002CAF0D /* UILabel+.m */; };
		964438731E7A40CC002CAF0D /* ScrollViewFramesViewController.m in Sources */ = {isa = PBXBuildFile; fileRef = 964438721E7A40CC002CAF0D /* ScrollViewFramesViewController.m */; };
		964438761E7A40DB002CAF0D /* ScrollViewALViewController.m in Sources */ = {isa = PBXBuildFile; fileRef = 964438751E7A40DB002CAF0D /* ScrollViewALViewController.m */; };
		964439221E7C2F4C002CAF0D /* AFNetworking.framework in Frameworks */ = {isa = PBXBuildFile; fileRef = 964439131E7C2F36002CAF0D /* AFNetworking.framework */; };
		964439321E7C8956002CAF0D /* iTunesXMLParserTests.m in Sources */ = {isa = PBXBuildFile; fileRef = 964439311E7C8956002CAF0D /* iTunesXMLParserTests.m */; };
		964439341E7C90AF002CAF0D /* topsongs_bad.xml in Resources */ = {isa = PBXBuildFile; fileRef = 964439331E7C90AF002CAF0D /* topsongs_bad.xml */; };
		964439361E7CB062002CAF0D /* ScrollDataModelTests.m in Sources */ = {isa = PBXBuildFile; fileRef = 964439351E7CB062002CAF0D /* ScrollDataModelTests.m */; };
		964439381E7CB38E002CAF0D /* UILabelTests.m in Sources */ = {isa = PBXBuildFile; fileRef = 964439371E7CB38E002CAF0D /* UILabelTests.m */; };
		9644393A1E7CB828002CAF0D /* ScrollViewALViewControllerTests.m in Sources */ = {isa = PBXBuildFile; fileRef = 964439391E7CB828002CAF0D /* ScrollViewALViewControllerTests.m */; };
		969232521E7CBD24004463DB /* libOCMock.a in Frameworks */ = {isa = PBXBuildFile; fileRef = 969232511E7CBD24004463DB /* libOCMock.a */; };
		969232541E7DC1DC004463DB /* CGGFramesScrollViewTests.m in Sources */ = {isa = PBXBuildFile; fileRef = 969232531E7DC1DC004463DB /* CGGFramesScrollViewTests.m */; };
		969232691E7DC730004463DB /* MBProgressHUD.framework in Frameworks */ = {isa = PBXBuildFile; fileRef = 969232661E7DC716004463DB /* MBProgressHUD.framework */; };
/* End PBXBuildFile section */

/* Begin PBXContainerItemProxy section */
		964437121E75EC47002CAF0D /* PBXContainerItemProxy */ = {
			isa = PBXContainerItemProxy;
			containerPortal = 964436F01E75EC47002CAF0D /* Project object */;
			proxyType = 1;
			remoteGlobalIDString = 964436F71E75EC47002CAF0D;
			remoteInfo = InfiniteScroll;
		};
		964439121E7C2F36002CAF0D /* PBXContainerItemProxy */ = {
			isa = PBXContainerItemProxy;
			containerPortal = 964439081E7C2F35002CAF0D /* AFNetworking.xcodeproj */;
			proxyType = 2;
			remoteGlobalIDString = 299522391BBF104D00859F49;
			remoteInfo = "AFNetworking iOS";
		};
		964439141E7C2F36002CAF0D /* PBXContainerItemProxy */ = {
			isa = PBXContainerItemProxy;
			containerPortal = 964439081E7C2F35002CAF0D /* AFNetworking.xcodeproj */;
			proxyType = 2;
			remoteGlobalIDString = 299522651BBF129200859F49;
			remoteInfo = "AFNetworking watchOS";
		};
		964439161E7C2F36002CAF0D /* PBXContainerItemProxy */ = {
			isa = PBXContainerItemProxy;
			containerPortal = 964439081E7C2F35002CAF0D /* AFNetworking.xcodeproj */;
			proxyType = 2;
			remoteGlobalIDString = 299522771BBF136400859F49;
			remoteInfo = "AFNetworking OS X";
		};
		964439181E7C2F36002CAF0D /* PBXContainerItemProxy */ = {
			isa = PBXContainerItemProxy;
			containerPortal = 964439081E7C2F35002CAF0D /* AFNetworking.xcodeproj */;
			proxyType = 2;
			remoteGlobalIDString = 2987B0A51BC408A200179A4C;
			remoteInfo = "AFNetworking tvOS";
		};
		9644391A1E7C2F36002CAF0D /* PBXContainerItemProxy */ = {
			isa = PBXContainerItemProxy;
			containerPortal = 964439081E7C2F35002CAF0D /* AFNetworking.xcodeproj */;
			proxyType = 2;
			remoteGlobalIDString = 298D7C3B1BC2C79500FD3B3E;
			remoteInfo = "AFNetworking iOS Tests";
		};
		9644391C1E7C2F36002CAF0D /* PBXContainerItemProxy */ = {
			isa = PBXContainerItemProxy;
			containerPortal = 964439081E7C2F35002CAF0D /* AFNetworking.xcodeproj */;
			proxyType = 2;
			remoteGlobalIDString = 298D7C4A1BC2C7B200FD3B3E;
			remoteInfo = "AFNetworking Mac OS X Tests";
		};
		9644391E1E7C2F36002CAF0D /* PBXContainerItemProxy */ = {
			isa = PBXContainerItemProxy;
			containerPortal = 964439081E7C2F35002CAF0D /* AFNetworking.xcodeproj */;
			proxyType = 2;
			remoteGlobalIDString = 2987B0AE1BC408A200179A4C;
			remoteInfo = "AFNetworking tvOS Tests";
		};
		964439201E7C2F45002CAF0D /* PBXContainerItemProxy */ = {
			isa = PBXContainerItemProxy;
			containerPortal = 964439081E7C2F35002CAF0D /* AFNetworking.xcodeproj */;
			proxyType = 1;
			remoteGlobalIDString = 299522381BBF104D00859F49;
			remoteInfo = "AFNetworking iOS";
		};
		969232631E7DC716004463DB /* PBXContainerItemProxy */ = {
			isa = PBXContainerItemProxy;
			containerPortal = 9692325E1E7DC716004463DB /* MBProgressHUD.xcodeproj */;
			proxyType = 2;
			remoteGlobalIDString = D286A7491518C70F00E13FB8;
			remoteInfo = "MBProgressHUD Static Library";
		};
		969232651E7DC716004463DB /* PBXContainerItemProxy */ = {
			isa = PBXContainerItemProxy;
			containerPortal = 9692325E1E7DC716004463DB /* MBProgressHUD.xcodeproj */;
			proxyType = 2;
			remoteGlobalIDString = 1D104D7A1ACA36CC00973364;
			remoteInfo = "MBProgressHUD Framework";
		};
		969232671E7DC729004463DB /* PBXContainerItemProxy */ = {
			isa = PBXContainerItemProxy;
			containerPortal = 9692325E1E7DC716004463DB /* MBProgressHUD.xcodeproj */;
			proxyType = 1;
			remoteGlobalIDString = 1D104D791ACA36CC00973364;
			remoteInfo = "MBProgressHUD Framework";
		};
/* End PBXContainerItemProxy section */

/* Begin PBXFileReference section */
		964436F81E75EC47002CAF0D /* InfiniteScroll.app */ = {isa = PBXFileReference; explicitFileType = wrapper.application; includeInIndex = 0; path = InfiniteScroll.app; sourceTree = BUILT_PRODUCTS_DIR; };
		964436FC1E75EC47002CAF0D /* main.m */ = {isa = PBXFileReference; lastKnownFileType = sourcecode.c.objc; path = main.m; sourceTree = "<group>"; };
		964436FE1E75EC47002CAF0D /* AppDelegate.h */ = {isa = PBXFileReference; lastKnownFileType = sourcecode.c.h; path = AppDelegate.h; sourceTree = "<group>"; };
		964436FF1E75EC47002CAF0D /* AppDelegate.m */ = {isa = PBXFileReference; lastKnownFileType = sourcecode.c.objc; path = AppDelegate.m; sourceTree = "<group>"; };
		964437011E75EC47002CAF0D /* ViewController.h */ = {isa = PBXFileReference; lastKnownFileType = sourcecode.c.h; path = ViewController.h; sourceTree = "<group>"; };
		964437021E75EC47002CAF0D /* ViewController.m */ = {isa = PBXFileReference; lastKnownFileType = sourcecode.c.objc; path = ViewController.m; sourceTree = "<group>"; };
		964437051E75EC47002CAF0D /* Base */ = {isa = PBXFileReference; lastKnownFileType = file.storyboard; name = Base; path = Base.lproj/Main.storyboard; sourceTree = "<group>"; };
		964437071E75EC47002CAF0D /* Assets.xcassets */ = {isa = PBXFileReference; lastKnownFileType = folder.assetcatalog; path = Assets.xcassets; sourceTree = "<group>"; };
		9644370A1E75EC47002CAF0D /* Base */ = {isa = PBXFileReference; lastKnownFileType = file.storyboard; name = Base; path = Base.lproj/LaunchScreen.storyboard; sourceTree = "<group>"; };
		9644370C1E75EC47002CAF0D /* Info.plist */ = {isa = PBXFileReference; lastKnownFileType = text.plist.xml; path = Info.plist; sourceTree = "<group>"; };
		964437111E75EC47002CAF0D /* InfiniteScrollTests.xctest */ = {isa = PBXFileReference; explicitFileType = wrapper.cfbundle; includeInIndex = 0; path = InfiniteScrollTests.xctest; sourceTree = BUILT_PRODUCTS_DIR; };
		964437151E75EC47002CAF0D /* InfiniteScrollTests.m */ = {isa = PBXFileReference; lastKnownFileType = sourcecode.c.objc; path = InfiniteScrollTests.m; sourceTree = "<group>"; };
		964437171E75EC47002CAF0D /* Info.plist */ = {isa = PBXFileReference; lastKnownFileType = text.plist.xml; path = Info.plist; sourceTree = "<group>"; };
		964437201E760337002CAF0D /* CGGALScrollView.h */ = {isa = PBXFileReference; fileEncoding = 4; lastKnownFileType = sourcecode.c.h; path = CGGALScrollView.h; sourceTree = "<group>"; };
		964437211E760337002CAF0D /* CGGALScrollView.m */ = {isa = PBXFileReference; fileEncoding = 4; lastKnownFileType = sourcecode.c.objc; path = CGGALScrollView.m; sourceTree = "<group>"; };
		964437231E760F75002CAF0D /* ScrollDataModel.h */ = {isa = PBXFileReference; fileEncoding = 4; lastKnownFileType = sourcecode.c.h; path = ScrollDataModel.h; sourceTree = "<group>"; };
		964437241E760F75002CAF0D /* ScrollDataModel.m */ = {isa = PBXFileReference; fileEncoding = 4; lastKnownFileType = sourcecode.c.objc; path = ScrollDataModel.m; sourceTree = "<group>"; };
		9644372B1E76126E002CAF0D /* topsongs.xml */ = {isa = PBXFileReference; fileEncoding = 4; lastKnownFileType = text.xml; name = topsongs.xml; path = Mocks/topsongs.xml; sourceTree = "<group>"; };
		9644372D1E762540002CAF0D /* iTunesXMLParser.h */ = {isa = PBXFileReference; fileEncoding = 4; lastKnownFileType = sourcecode.c.h; path = iTunesXMLParser.h; sourceTree = "<group>"; };
		9644372E1E762540002CAF0D /* iTunesXMLParser.m */ = {isa = PBXFileReference; fileEncoding = 4; lastKnownFileType = sourcecode.c.objc; path = iTunesXMLParser.m; sourceTree = "<group>"; };
		9644386B1E78A24C002CAF0D /* CGGFramesScrollView.h */ = {isa = PBXFileReference; fileEncoding = 4; lastKnownFileType = sourcecode.c.h; path = CGGFramesScrollView.h; sourceTree = "<group>"; };
		9644386C1E78A24C002CAF0D /* CGGFramesScrollView.m */ = {isa = PBXFileReference; fileEncoding = 4; lastKnownFileType = sourcecode.c.objc; path = CGGFramesScrollView.m; sourceTree = "<group>"; };
		9644386E1E79E997002CAF0D /* UILabel+.h */ = {isa = PBXFileReference; fileEncoding = 4; lastKnownFileType = sourcecode.c.h; path = "UILabel+.h"; sourceTree = "<group>"; };
		9644386F1E79E997002CAF0D /* UILabel+.m */ = {isa = PBXFileReference; fileEncoding = 4; lastKnownFileType = sourcecode.c.objc; path = "UILabel+.m"; sourceTree = "<group>"; };
		964438711E7A40CC002CAF0D /* ScrollViewFramesViewController.h */ = {isa = PBXFileReference; fileEncoding = 4; lastKnownFileType = sourcecode.c.h; path = ScrollViewFramesViewController.h; sourceTree = "<group>"; };
		964438721E7A40CC002CAF0D /* ScrollViewFramesViewController.m */ = {isa = PBXFileReference; fileEncoding = 4; lastKnownFileType = sourcecode.c.objc; path = ScrollViewFramesViewController.m; sourceTree = "<group>"; };
		964438741E7A40DB002CAF0D /* ScrollViewALViewController.h */ = {isa = PBXFileReference; fileEncoding = 4; lastKnownFileType = sourcecode.c.h; path = ScrollViewALViewController.h; sourceTree = "<group>"; };
		964438751E7A40DB002CAF0D /* ScrollViewALViewController.m */ = {isa = PBXFileReference; fileEncoding = 4; lastKnownFileType = sourcecode.c.objc; path = ScrollViewALViewController.m; sourceTree = "<group>"; };
		964439081E7C2F35002CAF0D /* AFNetworking.xcodeproj */ = {isa = PBXFileReference; lastKnownFileType = "wrapper.pb-project"; name = AFNetworking.xcodeproj; path = AFNetworking/AFNetworking.xcodeproj; sourceTree = SOURCE_ROOT; };
		964439311E7C8956002CAF0D /* iTunesXMLParserTests.m */ = {isa = PBXFileReference; fileEncoding = 4; lastKnownFileType = sourcecode.c.objc; path = iTunesXMLParserTests.m; sourceTree = "<group>"; };
		964439331E7C90AF002CAF0D /* topsongs_bad.xml */ = {isa = PBXFileReference; fileEncoding = 4; lastKnownFileType = text.xml; name = topsongs_bad.xml; path = Mocks/topsongs_bad.xml; sourceTree = "<group>"; };
		964439351E7CB062002CAF0D /* ScrollDataModelTests.m */ = {isa = PBXFileReference; fileEncoding = 4; lastKnownFileType = sourcecode.c.objc; path = ScrollDataModelTests.m; sourceTree = "<group>"; };
		964439371E7CB38E002CAF0D /* UILabelTests.m */ = {isa = PBXFileReference; fileEncoding = 4; lastKnownFileType = sourcecode.c.objc; path = UILabelTests.m; sourceTree = "<group>"; };
		964439391E7CB828002CAF0D /* ScrollViewALViewControllerTests.m */ = {isa = PBXFileReference; fileEncoding = 4; lastKnownFileType = sourcecode.c.objc; path = ScrollViewALViewControllerTests.m; sourceTree = "<group>"; };
		969232511E7CBD24004463DB /* libOCMock.a */ = {isa = PBXFileReference; lastKnownFileType = archive.ar; name = libOCMock.a; path = OCMock/libOCMock.a; sourceTree = "<group>"; };
		969232531E7DC1DC004463DB /* CGGFramesScrollViewTests.m */ = {isa = PBXFileReference; fileEncoding = 4; lastKnownFileType = sourcecode.c.objc; path = CGGFramesScrollViewTests.m; sourceTree = "<group>"; };
		9692325E1E7DC716004463DB /* MBProgressHUD.xcodeproj */ = {isa = PBXFileReference; lastKnownFileType = "wrapper.pb-project"; name = MBProgressHUD.xcodeproj; path = Libraries/MBProgressHUD/MBProgressHUD.xcodeproj; sourceTree = SOURCE_ROOT; };
/* End PBXFileReference section */

/* Begin PBXFrameworksBuildPhase section */
		964436F51E75EC47002CAF0D /* Frameworks */ = {
			isa = PBXFrameworksBuildPhase;
			buildActionMask = 2147483647;
			files = (
				969232691E7DC730004463DB /* MBProgressHUD.framework in Frameworks */,
				964439221E7C2F4C002CAF0D /* AFNetworking.framework in Frameworks */,
			);
			runOnlyForDeploymentPostprocessing = 0;
		};
		9644370E1E75EC47002CAF0D /* Frameworks */ = {
			isa = PBXFrameworksBuildPhase;
			buildActionMask = 2147483647;
			files = (
				969232521E7CBD24004463DB /* libOCMock.a in Frameworks */,
			);
			runOnlyForDeploymentPostprocessing = 0;
		};
/* End PBXFrameworksBuildPhase section */

/* Begin PBXGroup section */
		964436EF1E75EC47002CAF0D = {
			isa = PBXGroup;
			children = (
				964436FA1E75EC47002CAF0D /* InfiniteScroll */,
				964437141E75EC47002CAF0D /* InfiniteScrollTests */,
				964436F91E75EC47002CAF0D /* Products */,
				969232501E7CBD23004463DB /* Frameworks */,
			);
			sourceTree = "<group>";
		};
		964436F91E75EC47002CAF0D /* Products */ = {
			isa = PBXGroup;
			children = (
				964436F81E75EC47002CAF0D /* InfiniteScroll.app */,
				964437111E75EC47002CAF0D /* InfiniteScrollTests.xctest */,
			);
			name = Products;
			sourceTree = "<group>";
		};
		964436FA1E75EC47002CAF0D /* InfiniteScroll */ = {
			isa = PBXGroup;
			children = (
				964439071E7C2EC9002CAF0D /* Libraries */,
				964437281E761120002CAF0D /* Resource */,
				9644372A1E761160002CAF0D /* Source */,
				964436FB1E75EC47002CAF0D /* Supporting Files */,
			);
			path = InfiniteScroll;
			sourceTree = "<group>";
		};
		964436FB1E75EC47002CAF0D /* Supporting Files */ = {
			isa = PBXGroup;
			children = (
				964436FC1E75EC47002CAF0D /* main.m */,
			);
			name = "Supporting Files";
			sourceTree = "<group>";
		};
		964437141E75EC47002CAF0D /* InfiniteScrollTests */ = {
			isa = PBXGroup;
			children = (
				969232551E7DC1ED004463DB /* Tests */,
				964437171E75EC47002CAF0D /* Info.plist */,
			);
			path = InfiniteScrollTests;
			sourceTree = "<group>";
		};
		964437261E761100002CAF0D /* Model */ = {
			isa = PBXGroup;
			children = (
				964437231E760F75002CAF0D /* ScrollDataModel.h */,
				964437241E760F75002CAF0D /* ScrollDataModel.m */,
				9644372D1E762540002CAF0D /* iTunesXMLParser.h */,
				9644372E1E762540002CAF0D /* iTunesXMLParser.m */,
			);
			name = Model;
			sourceTree = "<group>";
		};
		964437271E76110D002CAF0D /* View */ = {
			isa = PBXGroup;
			children = (
				964437201E760337002CAF0D /* CGGALScrollView.h */,
				964437211E760337002CAF0D /* CGGALScrollView.m */,
				9644386B1E78A24C002CAF0D /* CGGFramesScrollView.h */,
				9644386C1E78A24C002CAF0D /* CGGFramesScrollView.m */,
				9644386E1E79E997002CAF0D /* UILabel+.h */,
				9644386F1E79E997002CAF0D /* UILabel+.m */,
			);
			name = View;
			sourceTree = "<group>";
		};
		964437281E761120002CAF0D /* Resource */ = {
			isa = PBXGroup;
			children = (
				964437071E75EC47002CAF0D /* Assets.xcassets */,
				9644370C1E75EC47002CAF0D /* Info.plist */,
				964437091E75EC47002CAF0D /* LaunchScreen.storyboard */,
				964437041E75EC47002CAF0D /* Main.storyboard */,
				9644372B1E76126E002CAF0D /* topsongs.xml */,
				964439331E7C90AF002CAF0D /* topsongs_bad.xml */,
			);
			name = Resource;
			sourceTree = "<group>";
		};
		964437291E761146002CAF0D /* Control */ = {
			isa = PBXGroup;
			children = (
				964437011E75EC47002CAF0D /* ViewController.h */,
				964437021E75EC47002CAF0D /* ViewController.m */,
				964438711E7A40CC002CAF0D /* ScrollViewFramesViewController.h */,
				964438721E7A40CC002CAF0D /* ScrollViewFramesViewController.m */,
				964438741E7A40DB002CAF0D /* ScrollViewALViewController.h */,
				964438751E7A40DB002CAF0D /* ScrollViewALViewController.m */,
			);
			name = Control;
			sourceTree = "<group>";
		};
		9644372A1E761160002CAF0D /* Source */ = {
			isa = PBXGroup;
			children = (
				964436FE1E75EC47002CAF0D /* AppDelegate.h */,
				964436FF1E75EC47002CAF0D /* AppDelegate.m */,
				964437291E761146002CAF0D /* Control */,
				964437261E761100002CAF0D /* Model */,
				964437271E76110D002CAF0D /* View */,
			);
			name = Source;
			sourceTree = "<group>";
		};
		964439071E7C2EC9002CAF0D /* Libraries */ = {
			isa = PBXGroup;
			children = (
				9692325E1E7DC716004463DB /* MBProgressHUD.xcodeproj */,
				964439081E7C2F35002CAF0D /* AFNetworking.xcodeproj */,
			);
			name = Libraries;
			sourceTree = "<group>";
		};
		964439091E7C2F35002CAF0D /* Products */ = {
			isa = PBXGroup;
			children = (
				964439131E7C2F36002CAF0D /* AFNetworking.framework */,
				964439151E7C2F36002CAF0D /* AFNetworking.framework */,
				964439171E7C2F36002CAF0D /* AFNetworking.framework */,
				964439191E7C2F36002CAF0D /* AFNetworking.framework */,
				9644391B1E7C2F36002CAF0D /* AFNetworking iOS Tests.xctest */,
				9644391D1E7C2F36002CAF0D /* AFNetworking Mac OS X Tests.xctest */,
				9644391F1E7C2F36002CAF0D /* AFNetworking tvOS Tests.xctest */,
			);
			name = Products;
			sourceTree = "<group>";
		};
		969232501E7CBD23004463DB /* Frameworks */ = {
			isa = PBXGroup;
			children = (
				969232511E7CBD24004463DB /* libOCMock.a */,
			);
			name = Frameworks;
			sourceTree = "<group>";
		};
		969232551E7DC1ED004463DB /* Tests */ = {
			isa = PBXGroup;
			children = (
				969232531E7DC1DC004463DB /* CGGFramesScrollViewTests.m */,
				964437151E75EC47002CAF0D /* InfiniteScrollTests.m */,
				964439311E7C8956002CAF0D /* iTunesXMLParserTests.m */,
				964439351E7CB062002CAF0D /* ScrollDataModelTests.m */,
				964439391E7CB828002CAF0D /* ScrollViewALViewControllerTests.m */,
				964439371E7CB38E002CAF0D /* UILabelTests.m */,
			);
			name = Tests;
			sourceTree = "<group>";
		};
		9692325F1E7DC716004463DB /* Products */ = {
			isa = PBXGroup;
			children = (
				969232641E7DC716004463DB /* libMBProgressHUD.a */,
				969232661E7DC716004463DB /* MBProgressHUD.framework */,
			);
			name = Products;
			sourceTree = "<group>";
		};
/* End PBXGroup section */

/* Begin PBXNativeTarget section */
		964436F71E75EC47002CAF0D /* InfiniteScroll */ = {
			isa = PBXNativeTarget;
			buildConfigurationList = 9644371A1E75EC47002CAF0D /* Build configuration list for PBXNativeTarget "InfiniteScroll" */;
			buildPhases = (
				964436F41E75EC47002CAF0D /* Sources */,
				964436F51E75EC47002CAF0D /* Frameworks */,
				964436F61E75EC47002CAF0D /* Resources */,
			);
			buildRules = (
			);
			dependencies = (
				969232681E7DC729004463DB /* PBXTargetDependency */,
				964439211E7C2F45002CAF0D /* PBXTargetDependency */,
			);
			name = InfiniteScroll;
			productName = InfiniteScroll;
			productReference = 964436F81E75EC47002CAF0D /* InfiniteScroll.app */;
			productType = "com.apple.product-type.application";
		};
		964437101E75EC47002CAF0D /* InfiniteScrollTests */ = {
			isa = PBXNativeTarget;
			buildConfigurationList = 9644371D1E75EC47002CAF0D /* Build configuration list for PBXNativeTarget "InfiniteScrollTests" */;
			buildPhases = (
				9644370D1E75EC47002CAF0D /* Sources */,
				9644370E1E75EC47002CAF0D /* Frameworks */,
				9644370F1E75EC47002CAF0D /* Resources */,
			);
			buildRules = (
			);
			dependencies = (
				964437131E75EC47002CAF0D /* PBXTargetDependency */,
			);
			name = InfiniteScrollTests;
			productName = InfiniteScrollTests;
			productReference = 964437111E75EC47002CAF0D /* InfiniteScrollTests.xctest */;
			productType = "com.apple.product-type.bundle.unit-test";
		};
/* End PBXNativeTarget section */

/* Begin PBXProject section */
		964436F01E75EC47002CAF0D /* Project object */ = {
			isa = PBXProject;
			attributes = {
				LastUpgradeCheck = 0820;
				ORGANIZATIONNAME = "Cody Garvin";
				TargetAttributes = {
					964436F71E75EC47002CAF0D = {
						CreatedOnToolsVersion = 8.2.1;
						ProvisioningStyle = Automatic;
					};
					964437101E75EC47002CAF0D = {
						CreatedOnToolsVersion = 8.2.1;
						ProvisioningStyle = Automatic;
						TestTargetID = 964436F71E75EC47002CAF0D;
					};
				};
			};
			buildConfigurationList = 964436F31E75EC47002CAF0D /* Build configuration list for PBXProject "InfiniteScroll" */;
			compatibilityVersion = "Xcode 3.2";
			developmentRegion = English;
			hasScannedForEncodings = 0;
			knownRegions = (
				en,
				Base,
			);
			mainGroup = 964436EF1E75EC47002CAF0D;
			productRefGroup = 964436F91E75EC47002CAF0D /* Products */;
			projectDirPath = "";
			projectReferences = (
				{
					ProductGroup = 964439091E7C2F35002CAF0D /* Products */;
					ProjectRef = 964439081E7C2F35002CAF0D /* AFNetworking.xcodeproj */;
				},
				{
					ProductGroup = 9692325F1E7DC716004463DB /* Products */;
					ProjectRef = 9692325E1E7DC716004463DB /* MBProgressHUD.xcodeproj */;
				},
			);
			projectRoot = "";
			targets = (
				964436F71E75EC47002CAF0D /* InfiniteScroll */,
				964437101E75EC47002CAF0D /* InfiniteScrollTests */,
			);
		};
/* End PBXProject section */

/* Begin PBXReferenceProxy section */
		964439131E7C2F36002CAF0D /* AFNetworking.framework */ = {
			isa = PBXReferenceProxy;
			fileType = wrapper.framework;
			path = AFNetworking.framework;
			remoteRef = 964439121E7C2F36002CAF0D /* PBXContainerItemProxy */;
			sourceTree = BUILT_PRODUCTS_DIR;
		};
		964439151E7C2F36002CAF0D /* AFNetworking.framework */ = {
			isa = PBXReferenceProxy;
			fileType = wrapper.framework;
			path = AFNetworking.framework;
			remoteRef = 964439141E7C2F36002CAF0D /* PBXContainerItemProxy */;
			sourceTree = BUILT_PRODUCTS_DIR;
		};
		964439171E7C2F36002CAF0D /* AFNetworking.framework */ = {
			isa = PBXReferenceProxy;
			fileType = wrapper.framework;
			path = AFNetworking.framework;
			remoteRef = 964439161E7C2F36002CAF0D /* PBXContainerItemProxy */;
			sourceTree = BUILT_PRODUCTS_DIR;
		};
		964439191E7C2F36002CAF0D /* AFNetworking.framework */ = {
			isa = PBXReferenceProxy;
			fileType = wrapper.framework;
			path = AFNetworking.framework;
			remoteRef = 964439181E7C2F36002CAF0D /* PBXContainerItemProxy */;
			sourceTree = BUILT_PRODUCTS_DIR;
		};
		9644391B1E7C2F36002CAF0D /* AFNetworking iOS Tests.xctest */ = {
			isa = PBXReferenceProxy;
			fileType = wrapper.cfbundle;
			path = "AFNetworking iOS Tests.xctest";
			remoteRef = 9644391A1E7C2F36002CAF0D /* PBXContainerItemProxy */;
			sourceTree = BUILT_PRODUCTS_DIR;
		};
		9644391D1E7C2F36002CAF0D /* AFNetworking Mac OS X Tests.xctest */ = {
			isa = PBXReferenceProxy;
			fileType = wrapper.cfbundle;
			path = "AFNetworking Mac OS X Tests.xctest";
			remoteRef = 9644391C1E7C2F36002CAF0D /* PBXContainerItemProxy */;
			sourceTree = BUILT_PRODUCTS_DIR;
		};
		9644391F1E7C2F36002CAF0D /* AFNetworking tvOS Tests.xctest */ = {
			isa = PBXReferenceProxy;
			fileType = wrapper.cfbundle;
			path = "AFNetworking tvOS Tests.xctest";
			remoteRef = 9644391E1E7C2F36002CAF0D /* PBXContainerItemProxy */;
			sourceTree = BUILT_PRODUCTS_DIR;
		};
		969232641E7DC716004463DB /* libMBProgressHUD.a */ = {
			isa = PBXReferenceProxy;
			fileType = archive.ar;
			path = libMBProgressHUD.a;
			remoteRef = 969232631E7DC716004463DB /* PBXContainerItemProxy */;
			sourceTree = BUILT_PRODUCTS_DIR;
		};
		969232661E7DC716004463DB /* MBProgressHUD.framework */ = {
			isa = PBXReferenceProxy;
			fileType = wrapper.framework;
			path = MBProgressHUD.framework;
			remoteRef = 969232651E7DC716004463DB /* PBXContainerItemProxy */;
			sourceTree = BUILT_PRODUCTS_DIR;
		};
/* End PBXReferenceProxy section */

/* Begin PBXResourcesBuildPhase section */
		964436F61E75EC47002CAF0D /* Resources */ = {
			isa = PBXResourcesBuildPhase;
			buildActionMask = 2147483647;
			files = (
				9644372C1E76126E002CAF0D /* topsongs.xml in Resources */,
				9644370B1E75EC47002CAF0D /* LaunchScreen.storyboard in Resources */,
				964439341E7C90AF002CAF0D /* topsongs_bad.xml in Resources */,
				964437081E75EC47002CAF0D /* Assets.xcassets in Resources */,
				964437061E75EC47002CAF0D /* Main.storyboard in Resources */,
			);
			runOnlyForDeploymentPostprocessing = 0;
		};
		9644370F1E75EC47002CAF0D /* Resources */ = {
			isa = PBXResourcesBuildPhase;
			buildActionMask = 2147483647;
			files = (
			);
			runOnlyForDeploymentPostprocessing = 0;
		};
/* End PBXResourcesBuildPhase section */

/* Begin PBXSourcesBuildPhase section */
		964436F41E75EC47002CAF0D /* Sources */ = {
			isa = PBXSourcesBuildPhase;
			buildActionMask = 2147483647;
			files = (
				9644372F1E762540002CAF0D /* iTunesXMLParser.m in Sources */,
				964437031E75EC47002CAF0D /* ViewController.m in Sources */,
				964437251E760F75002CAF0D /* ScrollDataModel.m in Sources */,
				964438701E79E997002CAF0D /* UILabel+.m in Sources */,
				9644386D1E78A24C002CAF0D /* CGGFramesScrollView.m in Sources */,
				964437001E75EC47002CAF0D /* AppDelegate.m in Sources */,
				964437221E760337002CAF0D /* CGGALScrollView.m in Sources */,
				964438761E7A40DB002CAF0D /* ScrollViewALViewController.m in Sources */,
				964436FD1E75EC47002CAF0D /* main.m in Sources */,
				964438731E7A40CC002CAF0D /* ScrollViewFramesViewController.m in Sources */,
			);
			runOnlyForDeploymentPostprocessing = 0;
		};
		9644370D1E75EC47002CAF0D /* Sources */ = {
			isa = PBXSourcesBuildPhase;
			buildActionMask = 2147483647;
			files = (
				964439321E7C8956002CAF0D /* iTunesXMLParserTests.m in Sources */,
				964439361E7CB062002CAF0D /* ScrollDataModelTests.m in Sources */,
				964439381E7CB38E002CAF0D /* UILabelTests.m in Sources */,
				969232541E7DC1DC004463DB /* CGGFramesScrollViewTests.m in Sources */,
				964437161E75EC47002CAF0D /* InfiniteScrollTests.m in Sources */,
				9644393A1E7CB828002CAF0D /* ScrollViewALViewControllerTests.m in Sources */,
			);
			runOnlyForDeploymentPostprocessing = 0;
		};
/* End PBXSourcesBuildPhase section */

/* Begin PBXTargetDependency section */
		964437131E75EC47002CAF0D /* PBXTargetDependency */ = {
			isa = PBXTargetDependency;
			target = 964436F71E75EC47002CAF0D /* InfiniteScroll */;
			targetProxy = 964437121E75EC47002CAF0D /* PBXContainerItemProxy */;
		};
		964439211E7C2F45002CAF0D /* PBXTargetDependency */ = {
			isa = PBXTargetDependency;
			name = "AFNetworking iOS";
			targetProxy = 964439201E7C2F45002CAF0D /* PBXContainerItemProxy */;
		};
		969232681E7DC729004463DB /* PBXTargetDependency */ = {
			isa = PBXTargetDependency;
			name = "MBProgressHUD Framework";
			targetProxy = 969232671E7DC729004463DB /* PBXContainerItemProxy */;
		};
/* End PBXTargetDependency section */

/* Begin PBXVariantGroup section */
		964437041E75EC47002CAF0D /* Main.storyboard */ = {
			isa = PBXVariantGroup;
			children = (
				964437051E75EC47002CAF0D /* Base */,
			);
			name = Main.storyboard;
			sourceTree = "<group>";
		};
		964437091E75EC47002CAF0D /* LaunchScreen.storyboard */ = {
			isa = PBXVariantGroup;
			children = (
				9644370A1E75EC47002CAF0D /* Base */,
			);
			name = LaunchScreen.storyboard;
			sourceTree = "<group>";
		};
/* End PBXVariantGroup section */

/* Begin XCBuildConfiguration section */
		964437181E75EC47002CAF0D /* Debug */ = {
			isa = XCBuildConfiguration;
			buildSettings = {
				ALWAYS_SEARCH_USER_PATHS = NO;
				CLANG_ANALYZER_NONNULL = YES;
				CLANG_CXX_LANGUAGE_STANDARD = "gnu++0x";
				CLANG_CXX_LIBRARY = "libc++";
				CLANG_ENABLE_MODULES = YES;
				CLANG_ENABLE_OBJC_ARC = YES;
				CLANG_WARN_BOOL_CONVERSION = YES;
				CLANG_WARN_CONSTANT_CONVERSION = YES;
				CLANG_WARN_DIRECT_OBJC_ISA_USAGE = YES_ERROR;
				CLANG_WARN_DOCUMENTATION_COMMENTS = YES;
				CLANG_WARN_EMPTY_BODY = YES;
				CLANG_WARN_ENUM_CONVERSION = YES;
				CLANG_WARN_INFINITE_RECURSION = YES;
				CLANG_WARN_INT_CONVERSION = YES;
				CLANG_WARN_OBJC_ROOT_CLASS = YES_ERROR;
				CLANG_WARN_SUSPICIOUS_MOVE = YES;
				CLANG_WARN_UNREACHABLE_CODE = YES;
				CLANG_WARN__DUPLICATE_METHOD_MATCH = YES;
				"CODE_SIGN_IDENTITY[sdk=iphoneos*]" = "iPhone Developer";
				COPY_PHASE_STRIP = NO;
				DEBUG_INFORMATION_FORMAT = dwarf;
				ENABLE_STRICT_OBJC_MSGSEND = YES;
				ENABLE_TESTABILITY = YES;
				GCC_C_LANGUAGE_STANDARD = gnu99;
				GCC_DYNAMIC_NO_PIC = NO;
				GCC_NO_COMMON_BLOCKS = YES;
				GCC_OPTIMIZATION_LEVEL = 0;
				GCC_PREPROCESSOR_DEFINITIONS = (
					"DEBUG=1",
					"$(inherited)",
				);
				GCC_WARN_64_TO_32_BIT_CONVERSION = YES;
				GCC_WARN_ABOUT_RETURN_TYPE = YES_ERROR;
				GCC_WARN_UNDECLARED_SELECTOR = YES;
				GCC_WARN_UNINITIALIZED_AUTOS = YES_AGGRESSIVE;
				GCC_WARN_UNUSED_FUNCTION = YES;
				GCC_WARN_UNUSED_VARIABLE = YES;
				IPHONEOS_DEPLOYMENT_TARGET = 10.2;
				MTL_ENABLE_DEBUG_INFO = YES;
				ONLY_ACTIVE_ARCH = YES;
				SDKROOT = iphoneos;
			};
			name = Debug;
		};
		964437191E75EC47002CAF0D /* Release */ = {
			isa = XCBuildConfiguration;
			buildSettings = {
				ALWAYS_SEARCH_USER_PATHS = NO;
				CLANG_ANALYZER_NONNULL = YES;
				CLANG_CXX_LANGUAGE_STANDARD = "gnu++0x";
				CLANG_CXX_LIBRARY = "libc++";
				CLANG_ENABLE_MODULES = YES;
				CLANG_ENABLE_OBJC_ARC = YES;
				CLANG_WARN_BOOL_CONVERSION = YES;
				CLANG_WARN_CONSTANT_CONVERSION = YES;
				CLANG_WARN_DIRECT_OBJC_ISA_USAGE = YES_ERROR;
				CLANG_WARN_DOCUMENTATION_COMMENTS = YES;
				CLANG_WARN_EMPTY_BODY = YES;
				CLANG_WARN_ENUM_CONVERSION = YES;
				CLANG_WARN_INFINITE_RECURSION = YES;
				CLANG_WARN_INT_CONVERSION = YES;
				CLANG_WARN_OBJC_ROOT_CLASS = YES_ERROR;
				CLANG_WARN_SUSPICIOUS_MOVE = YES;
				CLANG_WARN_UNREACHABLE_CODE = YES;
				CLANG_WARN__DUPLICATE_METHOD_MATCH = YES;
				"CODE_SIGN_IDENTITY[sdk=iphoneos*]" = "iPhone Developer";
				COPY_PHASE_STRIP = NO;
				DEBUG_INFORMATION_FORMAT = "dwarf-with-dsym";
				ENABLE_NS_ASSERTIONS = NO;
				ENABLE_STRICT_OBJC_MSGSEND = YES;
				GCC_C_LANGUAGE_STANDARD = gnu99;
				GCC_NO_COMMON_BLOCKS = YES;
				GCC_WARN_64_TO_32_BIT_CONVERSION = YES;
				GCC_WARN_ABOUT_RETURN_TYPE = YES_ERROR;
				GCC_WARN_UNDECLARED_SELECTOR = YES;
				GCC_WARN_UNINITIALIZED_AUTOS = YES_AGGRESSIVE;
				GCC_WARN_UNUSED_FUNCTION = YES;
				GCC_WARN_UNUSED_VARIABLE = YES;
				IPHONEOS_DEPLOYMENT_TARGET = 10.2;
				MTL_ENABLE_DEBUG_INFO = NO;
				SDKROOT = iphoneos;
				VALIDATE_PRODUCT = YES;
			};
			name = Release;
		};
		9644371B1E75EC47002CAF0D /* Debug */ = {
			isa = XCBuildConfiguration;
			buildSettings = {
				ASSETCATALOG_COMPILER_APPICON_NAME = AppIcon;
				FRAMEWORK_SEARCH_PATHS = (
					"$(inherited)",
					"$(PROJECT_DIR)/InfiniteScroll",
				);
				INFOPLIST_FILE = InfiniteScroll/Info.plist;
				LD_RUNPATH_SEARCH_PATHS = "$(inherited) @executable_path/Frameworks";
				PRODUCT_BUNDLE_IDENTIFIER = com.walmart.InfiniteScroll;
				PRODUCT_NAME = "$(TARGET_NAME)";
			};
			name = Debug;
		};
		9644371C1E75EC47002CAF0D /* Release */ = {
			isa = XCBuildConfiguration;
			buildSettings = {
				ASSETCATALOG_COMPILER_APPICON_NAME = AppIcon;
				FRAMEWORK_SEARCH_PATHS = (
					"$(inherited)",
					"$(PROJECT_DIR)/InfiniteScroll",
				);
				INFOPLIST_FILE = InfiniteScroll/Info.plist;
				LD_RUNPATH_SEARCH_PATHS = "$(inherited) @executable_path/Frameworks";
				PRODUCT_BUNDLE_IDENTIFIER = com.walmart.InfiniteScroll;
				PRODUCT_NAME = "$(TARGET_NAME)";
			};
			name = Release;
		};
		9644371E1E75EC47002CAF0D /* Debug */ = {
			isa = XCBuildConfiguration;
			buildSettings = {
				BUNDLE_LOADER = "$(TEST_HOST)";
				FRAMEWORK_SEARCH_PATHS = (
					"$(inherited)",
					"$(PROJECT_DIR)/InfiniteScroll",
				);
				HEADER_SEARCH_PATHS = "\"$(PROJECT_DIR)/OCMock/\"/**";
				INFOPLIST_FILE = InfiniteScrollTests/Info.plist;
				LD_RUNPATH_SEARCH_PATHS = "$(inherited) @executable_path/Frameworks @loader_path/Frameworks";
				LIBRARY_SEARCH_PATHS = (
					"$(inherited)",
					"$(PROJECT_DIR)/OCMock",
				);
				OTHER_LDFLAGS = "-ObjC";
				PRODUCT_BUNDLE_IDENTIFIER = com.walmart.InfiniteScrollTests;
				PRODUCT_NAME = "$(TARGET_NAME)";
				TEST_HOST = "$(BUILT_PRODUCTS_DIR)/InfiniteScroll.app/InfiniteScroll";
			};
			name = Debug;
		};
		9644371F1E75EC47002CAF0D /* Release */ = {
			isa = XCBuildConfiguration;
			buildSettings = {
				BUNDLE_LOADER = "$(TEST_HOST)";
				FRAMEWORK_SEARCH_PATHS = (
					"$(inherited)",
					"$(PROJECT_DIR)/InfiniteScroll",
				);
				HEADER_SEARCH_PATHS = "\"$(PROJECT_DIR)/OCMock/\"/**";
				INFOPLIST_FILE = InfiniteScrollTests/Info.plist;
				LD_RUNPATH_SEARCH_PATHS = "$(inherited) @executable_path/Frameworks @loader_path/Frameworks";
				LIBRARY_SEARCH_PATHS = (
					"$(inherited)",
					"$(PROJECT_DIR)/OCMock",
				);
				OTHER_LDFLAGS = "-ObjC";
				PRODUCT_BUNDLE_IDENTIFIER = com.walmart.InfiniteScrollTests;
				PRODUCT_NAME = "$(TARGET_NAME)";
				TEST_HOST = "$(BUILT_PRODUCTS_DIR)/InfiniteScroll.app/InfiniteScroll";
			};
			name = Release;
		};
/* End XCBuildConfiguration section */

/* Begin XCConfigurationList section */
		964436F31E75EC47002CAF0D /* Build configuration list for PBXProject "InfiniteScroll" */ = {
			isa = XCConfigurationList;
			buildConfigurations = (
				964437181E75EC47002CAF0D /* Debug */,
				964437191E75EC47002CAF0D /* Release */,
			);
			defaultConfigurationIsVisible = 0;
			defaultConfigurationName = Release;
		};
		9644371A1E75EC47002CAF0D /* Build configuration list for PBXNativeTarget "InfiniteScroll" */ = {
			isa = XCConfigurationList;
			buildConfigurations = (
				9644371B1E75EC47002CAF0D /* Debug */,
				9644371C1E75EC47002CAF0D /* Release */,
			);
			defaultConfigurationIsVisible = 0;
			defaultConfigurationName = Release;
		};
		9644371D1E75EC47002CAF0D /* Build configuration list for PBXNativeTarget "InfiniteScrollTests" */ = {
			isa = XCConfigurationList;
			buildConfigurations = (
				9644371E1E75EC47002CAF0D /* Debug */,
				9644371F1E75EC47002CAF0D /* Release */,
			);
			defaultConfigurationIsVisible = 0;
			defaultConfigurationName = Release;
		};
/* End XCConfigurationList section */
	};
	rootObject = 964436F01E75EC47002CAF0D /* Project object */;
}
